uuid: e678201f-8adf-4ce6-9014-ae5b94ab67a8
langcode: en
status: true
dependencies:
  module:
    - social_media
  theme:
    - bartik
id: socialsharingblock
theme: bartik
region: footer_first
weight: 0
provider: null
plugin: social_sharing_block
settings:
  id: social_sharing_block
  label: 'Social Sharing block'
  provider: social_media
  label_display: visible
visibility: {  }
